
Microsoft Visual Studio Solution File, Format Version 12.00
# Visual Studio 2015
Project("{FAE04EC0-301F-11D3-BF4B-00C04F79EFBC}") = "SuperSword-Skeleton-Slayers", "SuperSword-Skeleton-Slayers.csproj", "{18FD06E8-1826-2B16-AADF-D408E1527541}"
EndProject
Global
	GlobalSection(SolutionConfigurationPlatforms) = preSolution
		Debug|Any CPU = Debug|Any CPU
		Release|Any CPU = Release|Any CPU
	EndGlobalSection
	GlobalSection(ProjectConfigurationPlatforms) = postSolution
		{18FD06E8-1826-2B16-AADF-D408E1527541}.Debug|Any CPU.ActiveCfg = Debug|Any CPU
		{18FD06E8-1826-2B16-AADF-D408E1527541}.Debug|Any CPU.Build.0 = Debug|Any CPU
		{18FD06E8-1826-2B16-AADF-D408E1527541}.Release|Any CPU.ActiveCfg = Release|Any CPU
		{18FD06E8-1826-2B16-AADF-D408E1527541}.Release|Any CPU.Build.0 = Release|Any CPU
	EndGlobalSection
	GlobalSection(SolutionProperties) = preSolution
		HideSolutionNode = FALSE
	EndGlobalSection
EndGlobal
